PODS:
  - CocoaAsyncSocket (7.6.4)
  - CocoaLumberjack (3.6.1):
    - CocoaLumberjack/Core (= 3.6.1)
  - CocoaLumberjack/Core (3.6.1)
  - Flutter (1.0.0)
  - flutter_xmpp (0.0.1):
    - Flutter
    - XMPPFramework
  - KissXML (5.3.1):
    - KissXML/All (= 5.3.1)
  - KissXML/Additions (5.3.1):
    - KissXML/Core
  - KissXML/All (5.3.1):
    - KissXML/Additions
    - KissXML/Core
  - KissXML/Core (5.3.1)
  - libidn (1.35)
  - XMPPFramework (4.0.0):
    - XMPPFramework/default (= 4.0.0)
  - XMPPFramework/default (4.0.0):
    - CocoaAsyncSocket (~> 7.6)
    - CocoaLumberjack
    - KissXML (~> 5.2)
    - libidn (~> 1.35)

DEPENDENCIES:
  - Flutter (from `Flutter`)
  - flutter_xmpp (from `.symlinks/plugins/flutter_xmpp/ios`)

SPEC REPOS:
  trunk:
    - CocoaAsyncSocket
    - CocoaLumberjack
    - KissXML
    - libidn
    - XMPPFramework

EXTERNAL SOURCES:
  Flutter:
    :path: Flutter
  flutter_xmpp:
    :path: ".symlinks/plugins/flutter_xmpp/ios"

SPEC CHECKSUMS:
  CocoaAsyncSocket: 694058e7c0ed05a9e217d1b3c7ded962f4180845
  CocoaLumberjack: b17ae15142558d08bbacf69775fa10c4abbebcc9
  Flutter: 0e3d915762c693b495b44d77113d4970485de6ec
  flutter_xmpp: d3de4e1fb4e5dedc140e6b329060d49173459787
  KissXML: 5c8e0f2e8b9f071d3e1ae123dec3eb5da615c10c
  libidn: e4576a956b797c584c77aaedfc6e3dd639b61bdc
  XMPPFramework: 5d31ff9f73dce031b24bc49bcf88093627a3a86e

PODFILE CHECKSUM: f32fb4e7c14f8b3ca19a369d7be425dd9241af27

COCOAPODS: 1.9.1
